
Microsoft Visual Studio Solution File, Format Version 12.00
# Visual Studio Version 16
VisualStudioVersion = 16.0.29306.81
MinimumVisualStudioVersion = 10.0.40219.1
Project("{FAE04EC0-301F-11D3-BF4B-00C04F79EFBC}") = "legacy-chatfilter", "legacy-chatfilter\legacy-chatfilter.csproj", "{68C54D92-32DF-4BA4-8B38-0CD5A3217F4F}"
EndProject
Global
	GlobalSection(SolutionConfigurationPlatforms) = preSolution
		Debug|Any CPU = Debug|Any CPU
		Release|Any CPU = Release|Any CPU
	EndGlobalSection
	GlobalSection(ProjectConfigurationPlatforms) = postSolution
		{68C54D92-32DF-4BA4-8B38-0CD5A3217F4F}.Debug|Any CPU.ActiveCfg = Debug|Any CPU
		{68C54D92-32DF-4BA4-8B38-0CD5A3217F4F}.Debug|Any CPU.Build.0 = Debug|Any CPU
		{68C54D92-32DF-4BA4-8B38-0CD5A3217F4F}.Release|Any CPU.ActiveCfg = Release|Any CPU
		{68C54D92-32DF-4BA4-8B38-0CD5A3217F4F}.Release|Any CPU.Build.0 = Release|Any CPU
	EndGlobalSection
	GlobalSection(SolutionProperties) = preSolution
		HideSolutionNode = FALSE
	EndGlobalSection
	GlobalSection(ExtensibilityGlobals) = postSolution
		SolutionGuid = {C63BB7C8-5333-4189-92EC-2D9A26684E5A}
	EndGlobalSection
EndGlobal
